// !$*UTF8*$!
{
	archiveVersion = 1;
	classes = {
	};
	objectVersion = 46;
	objects = {

/* Begin PBXBuildFile section */
		4CDAFD8C1DD638E700B40271 /* ViewController.swift in Sources */ = {isa = PBXBuildFile; fileRef = 4CDAFD8B1DD638E700B40271 /* ViewController.swift */; };
		4CDAFD8E1DD64E6700B40271 /* WebViewController.swift in Sources */ = {isa = PBXBuildFile; fileRef = 4CDAFD8D1DD64E6700B40271 /* WebViewController.swift */; };
		5D46A1E21DC50D8400D0208D /* SpotifyAudioPlayback.framework in Frameworks */ = {isa = PBXBuildFile; fileRef = 5D46A1DF1DC50D8400D0208D /* SpotifyAudioPlayback.framework */; };
		5D46A1E31DC50D8400D0208D /* SpotifyAuthentication.framework in Frameworks */ = {isa = PBXBuildFile; fileRef = 5D46A1E01DC50D8400D0208D /* SpotifyAuthentication.framework */; };
		5D46A1E41DC50D8400D0208D /* SpotifyMetadata.framework in Frameworks */ = {isa = PBXBuildFile; fileRef = 5D46A1E11DC50D8400D0208D /* SpotifyMetadata.framework */; };
		5D46A1E71DC5135400D0208D /* AVFoundation.framework in Frameworks */ = {isa = PBXBuildFile; fileRef = 5D46A1E61DC5135400D0208D /* AVFoundation.framework */; };
		5D46A1E91DC5136100D0208D /* SystemConfiguration.framework in Frameworks */ = {isa = PBXBuildFile; fileRef = 5D46A1E81DC5136100D0208D /* SystemConfiguration.framework */; };
		5D8898CE1DC2D009003170BE /* AppDelegate.swift in Sources */ = {isa = PBXBuildFile; fileRef = 5D8898CD1DC2D009003170BE /* AppDelegate.swift */; };
		5D8898D01DC2D009003170BE /* LoginViewController.swift in Sources */ = {isa = PBXBuildFile; fileRef = 5D8898CF1DC2D009003170BE /* LoginViewController.swift */; };
		5D8898D31DC2D009003170BE /* Main.storyboard in Resources */ = {isa = PBXBuildFile; fileRef = 5D8898D11DC2D009003170BE /* Main.storyboard */; };
		5D8898D51DC2D009003170BE /* Assets.xcassets in Resources */ = {isa = PBXBuildFile; fileRef = 5D8898D41DC2D009003170BE /* Assets.xcassets */; };
		5D8898D81DC2D009003170BE /* LaunchScreen.storyboard in Resources */ = {isa = PBXBuildFile; fileRef = 5D8898D61DC2D009003170BE /* LaunchScreen.storyboard */; };
/* End PBXBuildFile section */

/* Begin PBXFileReference section */
		4CDAFD8B1DD638E700B40271 /* ViewController.swift */ = {isa = PBXFileReference; fileEncoding = 4; lastKnownFileType = sourcecode.swift; path = ViewController.swift; sourceTree = "<group>"; };
		4CDAFD8D1DD64E6700B40271 /* WebViewController.swift */ = {isa = PBXFileReference; fileEncoding = 4; lastKnownFileType = sourcecode.swift; path = WebViewController.swift; sourceTree = "<group>"; };
		5D46A1DF1DC50D8400D0208D /* SpotifyAudioPlayback.framework */ = {isa = PBXFileReference; lastKnownFileType = wrapper.framework; path = SpotifyAudioPlayback.framework; sourceTree = "<group>"; };
		5D46A1E01DC50D8400D0208D /* SpotifyAuthentication.framework */ = {isa = PBXFileReference; lastKnownFileType = wrapper.framework; path = SpotifyAuthentication.framework; sourceTree = "<group>"; };
		5D46A1E11DC50D8400D0208D /* SpotifyMetadata.framework */ = {isa = PBXFileReference; lastKnownFileType = wrapper.framework; path = SpotifyMetadata.framework; sourceTree = "<group>"; };
		5D46A1E61DC5135400D0208D /* AVFoundation.framework */ = {isa = PBXFileReference; lastKnownFileType = wrapper.framework; name = AVFoundation.framework; path = System/Library/Frameworks/AVFoundation.framework; sourceTree = SDKROOT; };
		5D46A1E81DC5136100D0208D /* SystemConfiguration.framework */ = {isa = PBXFileReference; lastKnownFileType = wrapper.framework; name = SystemConfiguration.framework; path = System/Library/Frameworks/SystemConfiguration.framework; sourceTree = SDKROOT; };
		5D46A1EB1DC5149500D0208D /* SpotifyTest-Bridging-Header.h */ = {isa = PBXFileReference; lastKnownFileType = sourcecode.c.h; path = "SpotifyTest-Bridging-Header.h"; sourceTree = "<group>"; };
		5D8898CA1DC2D009003170BE /* SpotifyTest.app */ = {isa = PBXFileReference; explicitFileType = wrapper.application; includeInIndex = 0; path = SpotifyTest.app; sourceTree = BUILT_PRODUCTS_DIR; };
		5D8898CD1DC2D009003170BE /* AppDelegate.swift */ = {isa = PBXFileReference; lastKnownFileType = sourcecode.swift; path = AppDelegate.swift; sourceTree = "<group>"; };
		5D8898CF1DC2D009003170BE /* LoginViewController.swift */ = {isa = PBXFileReference; lastKnownFileType = sourcecode.swift; path = LoginViewController.swift; sourceTree = "<group>"; };
		5D8898D21DC2D009003170BE /* Base */ = {isa = PBXFileReference; lastKnownFileType = file.storyboard; name = Base; path = Base.lproj/Main.storyboard; sourceTree = "<group>"; };
		5D8898D41DC2D009003170BE /* Assets.xcassets */ = {isa = PBXFileReference; lastKnownFileType = folder.assetcatalog; path = Assets.xcassets; sourceTree = "<group>"; };
		5D8898D71DC2D009003170BE /* Base */ = {isa = PBXFileReference; lastKnownFileType = file.storyboard; name = Base; path = Base.lproj/LaunchScreen.storyboard; sourceTree = "<group>"; };
		5D8898D91DC2D009003170BE /* Info.plist */ = {isa = PBXFileReference; lastKnownFileType = text.plist.xml; path = Info.plist; sourceTree = "<group>"; };
/* End PBXFileReference section */

/* Begin PBXFrameworksBuildPhase section */
		5D8898C71DC2D009003170BE /* Frameworks */ = {
			isa = PBXFrameworksBuildPhase;
			buildActionMask = 2147483647;
			files = (
				5D46A1E91DC5136100D0208D /* SystemConfiguration.framework in Frameworks */,
				5D46A1E71DC5135400D0208D /* AVFoundation.framework in Frameworks */,
				5D46A1E21DC50D8400D0208D /* SpotifyAudioPlayback.framework in Frameworks */,
				5D46A1E41DC50D8400D0208D /* SpotifyMetadata.framework in Frameworks */,
				5D46A1E31DC50D8400D0208D /* SpotifyAuthentication.framework in Frameworks */,
			);
			runOnlyForDeploymentPostprocessing = 0;
		};
/* End PBXFrameworksBuildPhase section */

/* Begin PBXGroup section */
		5D46A1E51DC50D8E00D0208D /* Frameworks */ = {
			isa = PBXGroup;
			children = (
				5D46A1DF1DC50D8400D0208D /* SpotifyAudioPlayback.framework */,
				5D46A1E01DC50D8400D0208D /* SpotifyAuthentication.framework */,
				5D46A1E11DC50D8400D0208D /* SpotifyMetadata.framework */,
			);
			name = Frameworks;
			sourceTree = "<group>";
		};
		5D8898C11DC2D009003170BE = {
			isa = PBXGroup;
			children = (
				5D46A1E81DC5136100D0208D /* SystemConfiguration.framework */,
				5D46A1E61DC5135400D0208D /* AVFoundation.framework */,
				5D8898CC1DC2D009003170BE /* SpotifyTest */,
				5D8898CB1DC2D009003170BE /* Products */,
				5D46A1EB1DC5149500D0208D /* SpotifyTest-Bridging-Header.h */,
			);
			sourceTree = "<group>";
		};
		5D8898CB1DC2D009003170BE /* Products */ = {
			isa = PBXGroup;
			children = (
				5D8898CA1DC2D009003170BE /* SpotifyTest.app */,
			);
			name = Products;
			sourceTree = "<group>";
		};
		5D8898CC1DC2D009003170BE /* SpotifyTest */ = {
			isa = PBXGroup;
			children = (
				5D8898CD1DC2D009003170BE /* AppDelegate.swift */,
				4CDAFD8B1DD638E700B40271 /* ViewController.swift */,
				4CDAFD8D1DD64E6700B40271 /* WebViewController.swift */,
				5D8898CF1DC2D009003170BE /* LoginViewController.swift */,
				5D8898D11DC2D009003170BE /* Main.storyboard */,
				5D8898D41DC2D009003170BE /* Assets.xcassets */,
				5D8898D61DC2D009003170BE /* LaunchScreen.storyboard */,
				5D8898D91DC2D009003170BE /* Info.plist */,
				5D46A1E51DC50D8E00D0208D /* Frameworks */,
			);
			path = SpotifyTest;
			sourceTree = "<group>";
		};
/* End PBXGroup section */

/* Begin PBXNativeTarget section */
		5D8898C91DC2D009003170BE /* SpotifyTest */ = {
			isa = PBXNativeTarget;
			buildConfigurationList = 5D8898DC1DC2D009003170BE /* Build configuration list for PBXNativeTarget "SpotifyTest" */;
			buildPhases = (
				5D8898C61DC2D009003170BE /* Sources */,
				5D8898C71DC2D009003170BE /* Frameworks */,
				5D8898C81DC2D009003170BE /* Resources */,
			);
			buildRules = (
			);
			dependencies = (
			);
			name = SpotifyTest;
			productName = SpotifyTest;
			productReference = 5D8898CA1DC2D009003170BE /* SpotifyTest.app */;
			productType = "com.apple.product-type.application";
		};
/* End PBXNativeTarget section */

/* Begin PBXProject section */
		5D8898C21DC2D009003170BE /* Project object */ = {
			isa = PBXProject;
			attributes = {
				LastSwiftUpdateCheck = 0730;
				LastUpgradeCheck = 0810;
				ORGANIZATIONNAME = "Seth Rininger";
				TargetAttributes = {
					5D8898C91DC2D009003170BE = {
						CreatedOnToolsVersion = 7.3;
						DevelopmentTeam = 6576K4J973;
						LastSwiftMigration = 0810;
					};
				};
			};
			buildConfigurationList = 5D8898C51DC2D009003170BE /* Build configuration list for PBXProject "SpotifyTest" */;
			compatibilityVersion = "Xcode 3.2";
			developmentRegion = English;
			hasScannedForEncodings = 0;
			knownRegions = (
				en,
				Base,
			);
			mainGroup = 5D8898C11DC2D009003170BE;
			productRefGroup = 5D8898CB1DC2D009003170BE /* Products */;
			projectDirPath = "";
			projectRoot = "";
			targets = (
				5D8898C91DC2D009003170BE /* SpotifyTest */,
			);
		};
/* End PBXProject section */

/* Begin PBXResourcesBuildPhase section */
		5D8898C81DC2D009003170BE /* Resources */ = {
			isa = PBXResourcesBuildPhase;
			buildActionMask = 2147483647;
			files = (
				5D8898D81DC2D009003170BE /* LaunchScreen.storyboard in Resources */,
				5D8898D51DC2D009003170BE /* Assets.xcassets in Resources */,
				5D8898D31DC2D009003170BE /* Main.storyboard in Resources */,
			);
			runOnlyForDeploymentPostprocessing = 0;
		};
/* End PBXResourcesBuildPhase section */

/* Begin PBXSourcesBuildPhase section */
		5D8898C61DC2D009003170BE /* Sources */ = {
			isa = PBXSourcesBuildPhase;
			buildActionMask = 2147483647;
			files = (
				4CDAFD8C1DD638E700B40271 /* ViewController.swift in Sources */,
				5D8898D01DC2D009003170BE /* LoginViewController.swift in Sources */,
				5D8898CE1DC2D009003170BE /* AppDelegate.swift in Sources */,
				4CDAFD8E1DD64E6700B40271 /* WebViewController.swift in Sources */,
			);
			runOnlyForDeploymentPostprocessing = 0;
		};
/* End PBXSourcesBuildPhase section */

/* Begin PBXVariantGroup section */
		5D8898D11DC2D009003170BE /* Main.storyboard */ = {
			isa = PBXVariantGroup;
			children = (
				5D8898D21DC2D009003170BE /* Base */,
			);
			name = Main.storyboard;
			sourceTree = "<group>";
		};
		5D8898D61DC2D009003170BE /* LaunchScreen.storyboard */ = {
			isa = PBXVariantGroup;
			children = (
				5D8898D71DC2D009003170BE /* Base */,
			);
			name = LaunchScreen.storyboard;
			sourceTree = "<group>";
		};
/* End PBXVariantGroup section */

/* Begin XCBuildConfiguration section */
		5D8898DA1DC2D009003170BE /* Debug */ = {
			isa = XCBuildConfiguration;
			buildSettings = {
				ALWAYS_SEARCH_USER_PATHS = NO;
				CLANG_ANALYZER_NONNULL = YES;
				CLANG_CXX_LANGUAGE_STANDARD = "gnu++0x";
				CLANG_CXX_LIBRARY = "libc++";
				CLANG_ENABLE_MODULES = YES;
				CLANG_ENABLE_OBJC_ARC = YES;
				CLANG_WARN_BOOL_CONVERSION = YES;
				CLANG_WARN_CONSTANT_CONVERSION = YES;
				CLANG_WARN_DIRECT_OBJC_ISA_USAGE = YES_ERROR;
				CLANG_WARN_EMPTY_BODY = YES;
				CLANG_WARN_ENUM_CONVERSION = YES;
				CLANG_WARN_INFINITE_RECURSION = YES;
				CLANG_WARN_INT_CONVERSION = YES;
				CLANG_WARN_OBJC_ROOT_CLASS = YES_ERROR;
				CLANG_WARN_SUSPICIOUS_MOVE = YES;
				CLANG_WARN_UNREACHABLE_CODE = YES;
				CLANG_WARN__DUPLICATE_METHOD_MATCH = YES;
				"CODE_SIGN_IDENTITY[sdk=iphoneos*]" = "iPhone Developer";
				COPY_PHASE_STRIP = NO;
				DEBUG_INFORMATION_FORMAT = dwarf;
				ENABLE_STRICT_OBJC_MSGSEND = YES;
				ENABLE_TESTABILITY = YES;
				GCC_C_LANGUAGE_STANDARD = gnu99;
				GCC_DYNAMIC_NO_PIC = NO;
				GCC_NO_COMMON_BLOCKS = YES;
				GCC_OPTIMIZATION_LEVEL = 0;
				GCC_PREPROCESSOR_DEFINITIONS = (
					"DEBUG=1",
					"$(inherited)",
				);
				GCC_WARN_64_TO_32_BIT_CONVERSION = YES;
				GCC_WARN_ABOUT_RETURN_TYPE = YES_ERROR;
				GCC_WARN_UNDECLARED_SELECTOR = YES;
				GCC_WARN_UNINITIALIZED_AUTOS = YES_AGGRESSIVE;
				GCC_WARN_UNUSED_FUNCTION = YES;
				GCC_WARN_UNUSED_VARIABLE = YES;
				IPHONEOS_DEPLOYMENT_TARGET = 9.3;
				MTL_ENABLE_DEBUG_INFO = YES;
				ONLY_ACTIVE_ARCH = YES;
				SDKROOT = iphoneos;
				SWIFT_OPTIMIZATION_LEVEL = "-Onone";
				TARGETED_DEVICE_FAMILY = "1,2";
			};
			name = Debug;
		};
		5D8898DB1DC2D009003170BE /* Release */ = {
			isa = XCBuildConfiguration;
			buildSettings = {
				ALWAYS_SEARCH_USER_PATHS = NO;
				CLANG_ANALYZER_NONNULL = YES;
				CLANG_CXX_LANGUAGE_STANDARD = "gnu++0x";
				CLANG_CXX_LIBRARY = "libc++";
				CLANG_ENABLE_MODULES = YES;
				CLANG_ENABLE_OBJC_ARC = YES;
				CLANG_WARN_BOOL_CONVERSION = YES;
				CLANG_WARN_CONSTANT_CONVERSION = YES;
				CLANG_WARN_DIRECT_OBJC_ISA_USAGE = YES_ERROR;
				CLANG_WARN_EMPTY_BODY = YES;
				CLANG_WARN_ENUM_CONVERSION = YES;
				CLANG_WARN_INFINITE_RECURSION = YES;
				CLANG_WARN_INT_CONVERSION = YES;
				CLANG_WARN_OBJC_ROOT_CLASS = YES_ERROR;
				CLANG_WARN_SUSPICIOUS_MOVE = YES;
				CLANG_WARN_UNREACHABLE_CODE = YES;
				CLANG_WARN__DUPLICATE_METHOD_MATCH = YES;
				"CODE_SIGN_IDENTITY[sdk=iphoneos*]" = "iPhone Developer";
				COPY_PHASE_STRIP = NO;
				DEBUG_INFORMATION_FORMAT = "dwarf-with-dsym";
				ENABLE_NS_ASSERTIONS = NO;
				ENABLE_STRICT_OBJC_MSGSEND = YES;
				GCC_C_LANGUAGE_STANDARD = gnu99;
				GCC_NO_COMMON_BLOCKS = YES;
				GCC_WARN_64_TO_32_BIT_CONVERSION = YES;
				GCC_WARN_ABOUT_RETURN_TYPE = YES_ERROR;
				GCC_WARN_UNDECLARED_SELECTOR = YES;
				GCC_WARN_UNINITIALIZED_AUTOS = YES_AGGRESSIVE;
				GCC_WARN_UNUSED_FUNCTION = YES;
				GCC_WARN_UNUSED_VARIABLE = YES;
				IPHONEOS_DEPLOYMENT_TARGET = 9.3;
				MTL_ENABLE_DEBUG_INFO = NO;
				SDKROOT = iphoneos;
				SWIFT_OPTIMIZATION_LEVEL = "-Owholemodule";
				TARGETED_DEVICE_FAMILY = "1,2";
				VALIDATE_PRODUCT = YES;
			};
			name = Release;
		};
		5D8898DD1DC2D009003170BE /* Debug */ = {
			isa = XCBuildConfiguration;
			buildSettings = {
				ASSETCATALOG_COMPILER_APPICON_NAME = AppIcon;
				CLANG_ENABLE_MODULES = YES;
				CODE_SIGN_IDENTITY = "iPhone Developer";
				"CODE_SIGN_IDENTITY[sdk=iphoneos*]" = "iPhone Developer";
				FRAMEWORK_SEARCH_PATHS = (
					"$(inherited)",
					"$(PROJECT_DIR)/SpotifyTest",
				);
				INFOPLIST_FILE = SpotifyTest/Info.plist;
				LD_RUNPATH_SEARCH_PATHS = "$(inherited) @executable_path/Frameworks";
				OTHER_LDFLAGS = "-ObjC";
				PRODUCT_BUNDLE_IDENTIFIER = com.krdev.Spotify;
				PRODUCT_NAME = "$(TARGET_NAME)";
				PROVISIONING_PROFILE = "";
				SWIFT_OBJC_BRIDGING_HEADER = "SpotifyTest-Bridging-Header.h";
				SWIFT_OPTIMIZATION_LEVEL = "-Onone";
				SWIFT_VERSION = 3.0;
			};
			name = Debug;
		};
		5D8898DE1DC2D009003170BE /* Release */ = {
			isa = XCBuildConfiguration;
			buildSettings = {
				ASSETCATALOG_COMPILER_APPICON_NAME = AppIcon;
				CLANG_ENABLE_MODULES = YES;
				CODE_SIGN_IDENTITY = "iPhone Developer";
				"CODE_SIGN_IDENTITY[sdk=iphoneos*]" = "iPhone Developer";
				FRAMEWORK_SEARCH_PATHS = (
					"$(inherited)",
					"$(PROJECT_DIR)/SpotifyTest",
				);
				INFOPLIST_FILE = SpotifyTest/Info.plist;
				LD_RUNPATH_SEARCH_PATHS = "$(inherited) @executable_path/Frameworks";
				OTHER_LDFLAGS = "-ObjC";
				PRODUCT_BUNDLE_IDENTIFIER = com.krdev.Spotify;
				PRODUCT_NAME = "$(TARGET_NAME)";
				PROVISIONING_PROFILE = "";
				SWIFT_OBJC_BRIDGING_HEADER = "SpotifyTest-Bridging-Header.h";
				SWIFT_VERSION = 3.0;
			};
			name = Release;
		};
/* End XCBuildConfiguration section */

/* Begin XCConfigurationList section */
		5D8898C51DC2D009003170BE /* Build configuration list for PBXProject "SpotifyTest" */ = {
			isa = XCConfigurationList;
			buildConfigurations = (
				5D8898DA1DC2D009003170BE /* Debug */,
				5D8898DB1DC2D009003170BE /* Release */,
			);
			defaultConfigurationIsVisible = 0;
			defaultConfigurationName = Release;
		};
		5D8898DC1DC2D009003170BE /* Build configuration list for PBXNativeTarget "SpotifyTest" */ = {
			isa = XCConfigurationList;
			buildConfigurations = (
				5D8898DD1DC2D009003170BE /* Debug */,
				5D8898DE1DC2D009003170BE /* Release */,
			);
			defaultConfigurationIsVisible = 0;
			defaultConfigurationName = Release;
		};
/* End XCConfigurationList section */
	};
	rootObject = 5D8898C21DC2D009003170BE /* Project object */;
}
